
Microsoft Visual Studio Solution File, Format Version 12.00
# Visual Studio Version 16
VisualStudioVersion = 16.0.31729.503
MinimumVisualStudioVersion = 10.0.40219.1
Project("{9A19103F-16F7-4668-BE54-9A1E7A4F7556}") = "GameStats.API", "GameStats.API\GameStats.API.csproj", "{7008AAAD-795A-4EA9-8829-0A8A7773AC5A}"
EndProject
Project("{9A19103F-16F7-4668-BE54-9A1E7A4F7556}") = "GameStats.Common", "GameStats.Common\GameStats.Common.csproj", "{8AFED6B4-EF68-4E35-A3BC-491E10888DAD}"
EndProject
Project("{9A19103F-16F7-4668-BE54-9A1E7A4F7556}") = "GameStats.Data", "GameStats.Data\GameStats.Data.csproj", "{483E6014-7AB6-4E6E-8F27-780B4732F1A5}"
EndProject
Project("{9A19103F-16F7-4668-BE54-9A1E7A4F7556}") = "GameStats.Services", "GameStats.Services\GameStats.Services.csproj", "{9B356309-2AD4-4D0C-83D1-AD742319FD85}"
EndProject
Project("{FAE04EC0-301F-11D3-BF4B-00C04F79EFBC}") = "GameStats.React", "GameStats.React\GameStats.React.csproj", "{DA21C0B8-A3EA-4855-82CF-D6617C73C310}"
EndProject
Global
	GlobalSection(SolutionConfigurationPlatforms) = preSolution
		Debug|Any CPU = Debug|Any CPU
		Release|Any CPU = Release|Any CPU
	EndGlobalSection
	GlobalSection(ProjectConfigurationPlatforms) = postSolution
		{7008AAAD-795A-4EA9-8829-0A8A7773AC5A}.Debug|Any CPU.ActiveCfg = Debug|Any CPU
		{7008AAAD-795A-4EA9-8829-0A8A7773AC5A}.Debug|Any CPU.Build.0 = Debug|Any CPU
		{7008AAAD-795A-4EA9-8829-0A8A7773AC5A}.Release|Any CPU.ActiveCfg = Release|Any CPU
		{7008AAAD-795A-4EA9-8829-0A8A7773AC5A}.Release|Any CPU.Build.0 = Release|Any CPU
		{8AFED6B4-EF68-4E35-A3BC-491E10888DAD}.Debug|Any CPU.ActiveCfg = Debug|Any CPU
		{8AFED6B4-EF68-4E35-A3BC-491E10888DAD}.Debug|Any CPU.Build.0 = Debug|Any CPU
		{8AFED6B4-EF68-4E35-A3BC-491E10888DAD}.Release|Any CPU.ActiveCfg = Release|Any CPU
		{8AFED6B4-EF68-4E35-A3BC-491E10888DAD}.Release|Any CPU.Build.0 = Release|Any CPU
		{483E6014-7AB6-4E6E-8F27-780B4732F1A5}.Debug|Any CPU.ActiveCfg = Debug|Any CPU
		{483E6014-7AB6-4E6E-8F27-780B4732F1A5}.Debug|Any CPU.Build.0 = Debug|Any CPU
		{483E6014-7AB6-4E6E-8F27-780B4732F1A5}.Release|Any CPU.ActiveCfg = Release|Any CPU
		{483E6014-7AB6-4E6E-8F27-780B4732F1A5}.Release|Any CPU.Build.0 = Release|Any CPU
		{9B356309-2AD4-4D0C-83D1-AD742319FD85}.Debug|Any CPU.ActiveCfg = Debug|Any CPU
		{9B356309-2AD4-4D0C-83D1-AD742319FD85}.Debug|Any CPU.Build.0 = Debug|Any CPU
		{9B356309-2AD4-4D0C-83D1-AD742319FD85}.Release|Any CPU.ActiveCfg = Release|Any CPU
		{9B356309-2AD4-4D0C-83D1-AD742319FD85}.Release|Any CPU.Build.0 = Release|Any CPU
		{DA21C0B8-A3EA-4855-82CF-D6617C73C310}.Debug|Any CPU.ActiveCfg = Debug|Any CPU
		{DA21C0B8-A3EA-4855-82CF-D6617C73C310}.Debug|Any CPU.Build.0 = Debug|Any CPU
		{DA21C0B8-A3EA-4855-82CF-D6617C73C310}.Release|Any CPU.ActiveCfg = Release|Any CPU
		{DA21C0B8-A3EA-4855-82CF-D6617C73C310}.Release|Any CPU.Build.0 = Release|Any CPU
	EndGlobalSection
	GlobalSection(SolutionProperties) = preSolution
		HideSolutionNode = FALSE
	EndGlobalSection
	GlobalSection(ExtensibilityGlobals) = postSolution
		SolutionGuid = {5B9F4BF7-6DE6-4EB5-B336-F0546875A25E}
	EndGlobalSection
EndGlobal
